
Microsoft Visual Studio Solution File, Format Version 12.00
# Visual Studio Version 17
VisualStudioVersion = 17.4.33110.190
MinimumVisualStudioVersion = 10.0.40219.1
Project("{2150E333-8FDC-42A3-9474-1A3956D46DE8}") = "Services", "Services", "{F0701AFA-5EAA-4FD9-973A-93047D88D77B}"
EndProject
Project("{2150E333-8FDC-42A3-9474-1A3956D46DE8}") = "Catalog", "Catalog", "{7A6B24B5-3476-4F21-92AE-AC7472DE72A9}"
EndProject
Project("{9A19103F-16F7-4668-BE54-9A1E7A4F7556}") = "Catalog.API", "Services\Catalog\Catalog.API\Catalog.API.csproj", "{3B6F3444-4D4B-4747-9223-E26E6E893A90}"
EndProject
Project("{E53339B2-1760-4266-BCC7-CA923CBCF16C}") = "docker-compose", "docker-compose.dcproj", "{6727EE75-1B48-45E8-9278-A717333EB806}"
EndProject
Project("{2150E333-8FDC-42A3-9474-1A3956D46DE8}") = "Basket", "Basket", "{92AAC69B-69A5-4ED8-A2C5-FB1C44653193}"
EndProject
Project("{9A19103F-16F7-4668-BE54-9A1E7A4F7556}") = "Basket.API", "Services\Basket\Basket.API\Basket.API.csproj", "{9758699A-5042-4516-8782-943AC6B58C93}"
EndProject
Project("{2150E333-8FDC-42A3-9474-1A3956D46DE8}") = "Discount", "Discount", "{E6A55777-87FB-4C75-A53D-B008E5FB7EAB}"
EndProject
Project("{9A19103F-16F7-4668-BE54-9A1E7A4F7556}") = "Discount.API", "Services\Discount\Discount.API\Discount.API.csproj", "{39A8B46C-DE48-46A3-8A50-4C45CEA906EB}"
EndProject
Project("{9A19103F-16F7-4668-BE54-9A1E7A4F7556}") = "Discount.Grpc", "Services\Discount\Discount.Grpc\Discount.Grpc.csproj", "{4CBEBA44-D553-4900-A799-E023C3ACC2E4}"
EndProject
Project("{2150E333-8FDC-42A3-9474-1A3956D46DE8}") = "Ordering", "Ordering", "{40A295D5-7D49-4795-AC2D-B0536DF3E467}"
EndProject
Project("{9A19103F-16F7-4668-BE54-9A1E7A4F7556}") = "Ordering.API", "Services\Ordering\Ordering.API\Ordering.API.csproj", "{CEF9C37A-EE4F-49DD-A1A3-B641827D01FB}"
EndProject
Project("{9A19103F-16F7-4668-BE54-9A1E7A4F7556}") = "Ordering.Domain", "Services\Ordering\Ordering.Domain\Ordering.Domain.csproj", "{8695D93A-68F8-4EA9-9003-CE17751778A8}"
EndProject
Project("{9A19103F-16F7-4668-BE54-9A1E7A4F7556}") = "Ordering.Application", "Services\Ordering\Ordering.Application\Ordering.Application.csproj", "{F6CEC8DA-8586-49C0-A6FC-303A86448692}"
EndProject
Project("{FAE04EC0-301F-11D3-BF4B-00C04F79EFBC}") = "Ordering.Infrastructure", "Services\Ordering\Ordering.Infrastructure\Ordering.Infrastructure.csproj", "{5EC8E908-955F-4C13-9482-359810C3F210}"
EndProject
Global
	GlobalSection(SolutionConfigurationPlatforms) = preSolution
		Debug|Any CPU = Debug|Any CPU
		Release|Any CPU = Release|Any CPU
	EndGlobalSection
	GlobalSection(ProjectConfigurationPlatforms) = postSolution
		{3B6F3444-4D4B-4747-9223-E26E6E893A90}.Debug|Any CPU.ActiveCfg = Debug|Any CPU
		{3B6F3444-4D4B-4747-9223-E26E6E893A90}.Debug|Any CPU.Build.0 = Debug|Any CPU
		{3B6F3444-4D4B-4747-9223-E26E6E893A90}.Release|Any CPU.ActiveCfg = Release|Any CPU
		{3B6F3444-4D4B-4747-9223-E26E6E893A90}.Release|Any CPU.Build.0 = Release|Any CPU
		{6727EE75-1B48-45E8-9278-A717333EB806}.Debug|Any CPU.ActiveCfg = Debug|Any CPU
		{6727EE75-1B48-45E8-9278-A717333EB806}.Debug|Any CPU.Build.0 = Debug|Any CPU
		{6727EE75-1B48-45E8-9278-A717333EB806}.Release|Any CPU.ActiveCfg = Release|Any CPU
		{6727EE75-1B48-45E8-9278-A717333EB806}.Release|Any CPU.Build.0 = Release|Any CPU
		{9758699A-5042-4516-8782-943AC6B58C93}.Debug|Any CPU.ActiveCfg = Debug|Any CPU
		{9758699A-5042-4516-8782-943AC6B58C93}.Debug|Any CPU.Build.0 = Debug|Any CPU
		{9758699A-5042-4516-8782-943AC6B58C93}.Release|Any CPU.ActiveCfg = Release|Any CPU
		{9758699A-5042-4516-8782-943AC6B58C93}.Release|Any CPU.Build.0 = Release|Any CPU
		{39A8B46C-DE48-46A3-8A50-4C45CEA906EB}.Debug|Any CPU.ActiveCfg = Debug|Any CPU
		{39A8B46C-DE48-46A3-8A50-4C45CEA906EB}.Debug|Any CPU.Build.0 = Debug|Any CPU
		{39A8B46C-DE48-46A3-8A50-4C45CEA906EB}.Release|Any CPU.ActiveCfg = Release|Any CPU
		{39A8B46C-DE48-46A3-8A50-4C45CEA906EB}.Release|Any CPU.Build.0 = Release|Any CPU
		{4CBEBA44-D553-4900-A799-E023C3ACC2E4}.Debug|Any CPU.ActiveCfg = Debug|Any CPU
		{4CBEBA44-D553-4900-A799-E023C3ACC2E4}.Debug|Any CPU.Build.0 = Debug|Any CPU
		{4CBEBA44-D553-4900-A799-E023C3ACC2E4}.Release|Any CPU.ActiveCfg = Release|Any CPU
		{4CBEBA44-D553-4900-A799-E023C3ACC2E4}.Release|Any CPU.Build.0 = Release|Any CPU
		{CEF9C37A-EE4F-49DD-A1A3-B641827D01FB}.Debug|Any CPU.ActiveCfg = Debug|Any CPU
		{CEF9C37A-EE4F-49DD-A1A3-B641827D01FB}.Debug|Any CPU.Build.0 = Debug|Any CPU
		{CEF9C37A-EE4F-49DD-A1A3-B641827D01FB}.Release|Any CPU.ActiveCfg = Release|Any CPU
		{CEF9C37A-EE4F-49DD-A1A3-B641827D01FB}.Release|Any CPU.Build.0 = Release|Any CPU
		{8695D93A-68F8-4EA9-9003-CE17751778A8}.Debug|Any CPU.ActiveCfg = Debug|Any CPU
		{8695D93A-68F8-4EA9-9003-CE17751778A8}.Debug|Any CPU.Build.0 = Debug|Any CPU
		{8695D93A-68F8-4EA9-9003-CE17751778A8}.Release|Any CPU.ActiveCfg = Release|Any CPU
		{8695D93A-68F8-4EA9-9003-CE17751778A8}.Release|Any CPU.Build.0 = Release|Any CPU
		{F6CEC8DA-8586-49C0-A6FC-303A86448692}.Debug|Any CPU.ActiveCfg = Debug|Any CPU
		{F6CEC8DA-8586-49C0-A6FC-303A86448692}.Debug|Any CPU.Build.0 = Debug|Any CPU
		{F6CEC8DA-8586-49C0-A6FC-303A86448692}.Release|Any CPU.ActiveCfg = Release|Any CPU
		{F6CEC8DA-8586-49C0-A6FC-303A86448692}.Release|Any CPU.Build.0 = Release|Any CPU
		{5EC8E908-955F-4C13-9482-359810C3F210}.Debug|Any CPU.ActiveCfg = Debug|Any CPU
		{5EC8E908-955F-4C13-9482-359810C3F210}.Debug|Any CPU.Build.0 = Debug|Any CPU
		{5EC8E908-955F-4C13-9482-359810C3F210}.Release|Any CPU.ActiveCfg = Release|Any CPU
		{5EC8E908-955F-4C13-9482-359810C3F210}.Release|Any CPU.Build.0 = Release|Any CPU
	EndGlobalSection
	GlobalSection(SolutionProperties) = preSolution
		HideSolutionNode = FALSE
	EndGlobalSection
	GlobalSection(NestedProjects) = preSolution
		{7A6B24B5-3476-4F21-92AE-AC7472DE72A9} = {F0701AFA-5EAA-4FD9-973A-93047D88D77B}
		{3B6F3444-4D4B-4747-9223-E26E6E893A90} = {7A6B24B5-3476-4F21-92AE-AC7472DE72A9}
		{92AAC69B-69A5-4ED8-A2C5-FB1C44653193} = {F0701AFA-5EAA-4FD9-973A-93047D88D77B}
		{9758699A-5042-4516-8782-943AC6B58C93} = {92AAC69B-69A5-4ED8-A2C5-FB1C44653193}
		{E6A55777-87FB-4C75-A53D-B008E5FB7EAB} = {F0701AFA-5EAA-4FD9-973A-93047D88D77B}
		{39A8B46C-DE48-46A3-8A50-4C45CEA906EB} = {E6A55777-87FB-4C75-A53D-B008E5FB7EAB}
		{4CBEBA44-D553-4900-A799-E023C3ACC2E4} = {E6A55777-87FB-4C75-A53D-B008E5FB7EAB}
		{40A295D5-7D49-4795-AC2D-B0536DF3E467} = {F0701AFA-5EAA-4FD9-973A-93047D88D77B}
		{CEF9C37A-EE4F-49DD-A1A3-B641827D01FB} = {40A295D5-7D49-4795-AC2D-B0536DF3E467}
		{8695D93A-68F8-4EA9-9003-CE17751778A8} = {40A295D5-7D49-4795-AC2D-B0536DF3E467}
		{F6CEC8DA-8586-49C0-A6FC-303A86448692} = {40A295D5-7D49-4795-AC2D-B0536DF3E467}
		{5EC8E908-955F-4C13-9482-359810C3F210} = {40A295D5-7D49-4795-AC2D-B0536DF3E467}
	EndGlobalSection
	GlobalSection(ExtensibilityGlobals) = postSolution
		SolutionGuid = {2AAE7D1B-79F2-4241-B154-CFEDF56BE59B}
	EndGlobalSection
EndGlobal
